<?xml version="1.0" encoding="utf-8"?>
<Project ToolsVersion="4.0" xmlns="http://schemas.microsoft.com/developer/msbuild/2003">
  <ItemGroup>
    <Filter Include="Source Files">
      <UniqueIdentifier>{4FC737F1-C7A5-4376-A066-2A32D752A2FF}</UniqueIdentifier>
      <Extensions>cpp;c;cc;cxx;c++;cppm;ixx;def;odl;idl;hpj;bat;asm;asmx</Extensions>
    </Filter>
    <Filter Include="Header Files">
      <UniqueIdentifier>{93995380-89BD-4b04-88EB-625FBE52EBFB}</UniqueIdentifier>
      <Extensions>h;hh;hpp;hxx;h++;hm;inl;inc;ipp;xsd</Extensions>
    </Filter>
    <Filter Include="Resource Files">
      <UniqueIdentifier>{67DA6AB6-F800-4c08-8B7A-83BB121AAD01}</UniqueIdentifier>
      <Extensions>rc;ico;cur;bmp;dlg;rc2;rct;bin;rgs;gif;jpg;jpeg;jpe;resx;tiff;tif;png;wav;mfcribbon-ms</Extensions>
    </Filter>
  </ItemGroup>
  <ItemGroup>
    <ClCompile Include="core\init.cc">
      <Filter>Source Files</Filter>
    </ClCompile>
    <ClCompile Include="lib\libc\print.cc">
      <Filter>Source Files</Filter>
    </ClCompile>
    <ClCompile Include="lib\libc\str.cc">
      <Filter>Source Files</Filter>
    </ClCompile>
    <ClCompile Include="lib\crt.cc">
      <Filter>Source Files</Filter>
    </ClCompile>
    <ClCompile Include="hw\cpu\x64.cc">
      <Filter>Source Files</Filter>
    </ClCompile>
    <ClCompile Include="core\gfx\output.cc">
      <Filter>Source Files</Filter>
    </ClCompile>
    <ClCompile Include="hw\cmos\cmos.cc">
      <Filter>Source Files</Filter>
    </ClCompile>
    <ClCompile Include="hw\ps2\ps2.cc">
      <Filter>Source Files</Filter>
    </ClCompile>
    <ClCompile Include="hw\ps2\keyboard.cc">
      <Filter>Source Files</Filter>
    </ClCompile>
    <ClCompile Include="hw\cpu\intctrl.cc">
      <Filter>Source Files</Filter>
    </ClCompile>
    <ClCompile Include="hw\serial\serial.cc">
      <Filter>Source Files</Filter>
    </ClCompile>
    <ClCompile Include="hw\timer\timer.cc">
      <Filter>Source Files</Filter>
    </ClCompile>
    <ClCompile Include="hw\acpi\acpi.cc">
      <Filter>Source Files</Filter>
    </ClCompile>
    <ClCompile Include="lib\libc\mem.cc">
      <Filter>Source Files</Filter>
    </ClCompile>
    <ClCompile Include="core\panic.cc">
      <Filter>Source Files</Filter>
    </ClCompile>
  </ItemGroup>
  <ItemGroup>
    <ClInclude Include="lib\ec\bitfield.h">
      <Filter>Header Files</Filter>
    </ClInclude>
    <ClInclude Include="lib\ec\concepts.h">
      <Filter>Header Files</Filter>
    </ClInclude>
    <ClInclude Include="lib\ec\enums.h">
      <Filter>Header Files</Filter>
    </ClInclude>
    <ClInclude Include="lib\ec\util.h">
      <Filter>Header Files</Filter>
    </ClInclude>
    <ClInclude Include="lib\libc\args.h">
      <Filter>Header Files</Filter>
    </ClInclude>
    <ClInclude Include="lib\libc\print.h">
      <Filter>Header Files</Filter>
    </ClInclude>
    <ClInclude Include="lib\libc\str.h">
      <Filter>Header Files</Filter>
    </ClInclude>
    <ClInclude Include="lib\base.h">
      <Filter>Header Files</Filter>
    </ClInclude>
    <ClInclude Include="core\gfx\ssfn.h">
      <Filter>Header Files</Filter>
    </ClInclude>
    <ClInclude Include="core\gfx\font.h">
      <Filter>Header Files</Filter>
    </ClInclude>
    <ClInclude Include="core\gfx\output.h">
      <Filter>Header Files</Filter>
    </ClInclude>
    <ClInclude Include="hw\cpu\x64.h">
      <Filter>Header Files</Filter>
    </ClInclude>
    <ClInclude Include="hw\cpu\cpuid.h">
      <Filter>Header Files</Filter>
    </ClInclude>
    <ClInclude Include="hw\cmos\cmos.h">
      <Filter>Header Files</Filter>
    </ClInclude>
    <ClInclude Include="hw\ps2\ps2.h">
      <Filter>Header Files</Filter>
    </ClInclude>
    <ClInclude Include="hw\ps2\keyboard.h">
      <Filter>Header Files</Filter>
    </ClInclude>
    <ClInclude Include="hw\cpu\isr.h">
      <Filter>Header Files</Filter>
    </ClInclude>
    <ClInclude Include="hw\serial\serial.h">
      <Filter>Header Files</Filter>
    </ClInclude>
    <ClInclude Include="hw\timer\timer.h">
      <Filter>Header Files</Filter>
    </ClInclude>
    <ClInclude Include="hw\acpi\acpi.h">
      <Filter>Header Files</Filter>
    </ClInclude>
    <ClInclude Include="lib\libc\mem.h">
      <Filter>Header Files</Filter>
    </ClInclude>
    <ClInclude Include="common\va.h">
      <Filter>Header Files</Filter>
    </ClInclude>
    <ClInclude Include="common\pe64.h">
      <Filter>Header Files</Filter>
    </ClInclude>
    <ClInclude Include="common\mm.h">
      <Filter>Header Files</Filter>
    </ClInclude>
    <ClInclude Include="lib\ec\const.h">
      <Filter>Header Files</Filter>
    </ClInclude>
    <ClInclude Include="lib\ec\array.h">
      <Filter>Header Files</Filter>
    </ClInclude>
    <ClInclude Include="lib\ec\iterator.h">
      <Filter>Header Files</Filter>
    </ClInclude>
    <ClInclude Include="core\ke.h">
      <Filter>Header Files</Filter>
    </ClInclude>
    <ClInclude Include="common\acpi.h">
      <Filter>Header Files</Filter>
    </ClInclude>
  </ItemGroup>
  <ItemGroup>
    <MASM Include="hw\cpu\cpu.asm">
      <Filter>Source Files</Filter>
    </MASM>
    <MASM Include="hw\cpu\isr.asm">
      <Filter>Source Files</Filter>
    </MASM>
  </ItemGroup>
</Project>